// !$*UTF8*$!
{
	archiveVersion = 1;
	classes = {
	};
	objectVersion = 46;
	objects = {

/* Begin PBXBuildFile section */
		845DDF761CF6A45900AB2753 /* Product.swift in Sources */ = {isa = PBXBuildFile; fileRef = 845DDF751CF6A45900AB2753 /* Product.swift */; };
		845DDF781CF6BACD00AB2753 /* Salesman.swift in Sources */ = {isa = PBXBuildFile; fileRef = 845DDF771CF6BACD00AB2753 /* Salesman.swift */; };
		847152AF1CF8447B0076ADD7 /* User.swift in Sources */ = {isa = PBXBuildFile; fileRef = 847152AE1CF8447B0076ADD7 /* User.swift */; };
		847152B61CF846FE0076ADD7 /* star0.png in Resources */ = {isa = PBXBuildFile; fileRef = 847152B01CF846FE0076ADD7 /* star0.png */; };
		847152B71CF846FE0076ADD7 /* star1.png in Resources */ = {isa = PBXBuildFile; fileRef = 847152B11CF846FE0076ADD7 /* star1.png */; };
		847152B81CF846FE0076ADD7 /* star2.png in Resources */ = {isa = PBXBuildFile; fileRef = 847152B21CF846FE0076ADD7 /* star2.png */; };
		847152B91CF846FE0076ADD7 /* star3.png in Resources */ = {isa = PBXBuildFile; fileRef = 847152B31CF846FE0076ADD7 /* star3.png */; };
		847152BA1CF846FE0076ADD7 /* star4.png in Resources */ = {isa = PBXBuildFile; fileRef = 847152B41CF846FE0076ADD7 /* star4.png */; };
		847152BB1CF846FE0076ADD7 /* star5.png in Resources */ = {isa = PBXBuildFile; fileRef = 847152B51CF846FE0076ADD7 /* star5.png */; };
		847152BF1CF847790076ADD7 /* funcProduct.swift in Sources */ = {isa = PBXBuildFile; fileRef = 847152BE1CF847790076ADD7 /* funcProduct.swift */; };
		847432631CF2C8B4006D9B5E /* P1ProductAllViewController.swift in Sources */ = {isa = PBXBuildFile; fileRef = 847432621CF2C8B4006D9B5E /* P1ProductAllViewController.swift */; };
		847432661CF2C99A006D9B5E /* P1ProductAllCell0CollectionViewCell.swift in Sources */ = {isa = PBXBuildFile; fileRef = 847432651CF2C99A006D9B5E /* P1ProductAllCell0CollectionViewCell.swift */; };
		847432681CF2F9C0006D9B5E /* P1Cell3TableViewCell.swift in Sources */ = {isa = PBXBuildFile; fileRef = 847432671CF2F9C0006D9B5E /* P1Cell3TableViewCell.swift */; };
		8474326A1CF2F9E0006D9B5E /* P1Cell3CollectionViewCell.swift in Sources */ = {isa = PBXBuildFile; fileRef = 847432691CF2F9E0006D9B5E /* P1Cell3CollectionViewCell.swift */; };
		848848681CF005890004DDEF /* AppDelegate.swift in Sources */ = {isa = PBXBuildFile; fileRef = 848848671CF005890004DDEF /* AppDelegate.swift */; };
		8488486A1CF005890004DDEF /* ViewController.swift in Sources */ = {isa = PBXBuildFile; fileRef = 848848691CF005890004DDEF /* ViewController.swift */; };
		8488486D1CF005890004DDEF /* Main.storyboard in Resources */ = {isa = PBXBuildFile; fileRef = 8488486B1CF005890004DDEF /* Main.storyboard */; };
		8488486F1CF005890004DDEF /* Assets.xcassets in Resources */ = {isa = PBXBuildFile; fileRef = 8488486E1CF005890004DDEF /* Assets.xcassets */; };
		848848721CF005890004DDEF /* LaunchScreen.storyboard in Resources */ = {isa = PBXBuildFile; fileRef = 848848701CF005890004DDEF /* LaunchScreen.storyboard */; };
		8488487A1CF005950004DDEF /* Podfile in Resources */ = {isa = PBXBuildFile; fileRef = 848848791CF005950004DDEF /* Podfile */; };
		8488487E1CF007290004DDEF /* Page1ViewController.swift in Sources */ = {isa = PBXBuildFile; fileRef = 8488487D1CF007290004DDEF /* Page1ViewController.swift */; };
		848848851CF007D00004DDEF /* baseCell.swift in Sources */ = {isa = PBXBuildFile; fileRef = 848848801CF007D00004DDEF /* baseCell.swift */; };
		848848861CF007D00004DDEF /* basePass.swift in Sources */ = {isa = PBXBuildFile; fileRef = 848848811CF007D00004DDEF /* basePass.swift */; };
		848848871CF007D00004DDEF /* baseURL.swift in Sources */ = {isa = PBXBuildFile; fileRef = 848848821CF007D00004DDEF /* baseURL.swift */; };
		848848881CF007D00004DDEF /* dummyData.swift in Sources */ = {isa = PBXBuildFile; fileRef = 848848831CF007D00004DDEF /* dummyData.swift */; };
		848848891CF007D00004DDEF /* PassData.swift in Sources */ = {isa = PBXBuildFile; fileRef = 848848841CF007D00004DDEF /* PassData.swift */; };
		8488488C1CF009F20004DDEF /* P1Cell1TableViewCell.swift in Sources */ = {isa = PBXBuildFile; fileRef = 8488488B1CF009F20004DDEF /* P1Cell1TableViewCell.swift */; };
		8488488E1CF00AD30004DDEF /* P1Cell1CollectionViewCell.swift in Sources */ = {isa = PBXBuildFile; fileRef = 8488488D1CF00AD30004DDEF /* P1Cell1CollectionViewCell.swift */; };
		848848901CF00D040004DDEF /* P1Cell2TableViewCell.swift in Sources */ = {isa = PBXBuildFile; fileRef = 8488488F1CF00D040004DDEF /* P1Cell2TableViewCell.swift */; };
		848848931CF00D610004DDEF /* P1Cell2CollectionViewCell.swift in Sources */ = {isa = PBXBuildFile; fileRef = 848848921CF00D610004DDEF /* P1Cell2CollectionViewCell.swift */; };
		848848961CF01CC90004DDEF /* P1ProductDetailViewController.swift in Sources */ = {isa = PBXBuildFile; fileRef = 848848951CF01CC90004DDEF /* P1ProductDetailViewController.swift */; };
		848848991CF03D100004DDEF /* P1ProductDetailCell0TableViewCell.swift in Sources */ = {isa = PBXBuildFile; fileRef = 848848981CF03D100004DDEF /* P1ProductDetailCell0TableViewCell.swift */; };
		8488489B1CF065A00004DDEF /* P1ProductDetailCell4TableViewCell.swift in Sources */ = {isa = PBXBuildFile; fileRef = 8488489A1CF065A00004DDEF /* P1ProductDetailCell4TableViewCell.swift */; };
		8488489D1CF065CF0004DDEF /* P1ProductDetailCell4CollectionViewCell.swift in Sources */ = {isa = PBXBuildFile; fileRef = 8488489C1CF065CF0004DDEF /* P1ProductDetailCell4CollectionViewCell.swift */; };
		A08D6CD486E56E93AF2CA842 /* Pods_A2SLayoutsK2.framework in Frameworks */ = {isa = PBXBuildFile; fileRef = CFF67E4436E01E396034C720 /* Pods_A2SLayoutsK2.framework */; };
/* End PBXBuildFile section */

/* Begin PBXFileReference section */
		4BE8DB2F44BF56FEAD822EA2 /* Pods-A2SLayoutsK2.debug.xcconfig */ = {isa = PBXFileReference; includeInIndex = 1; lastKnownFileType = text.xcconfig; name = "Pods-A2SLayoutsK2.debug.xcconfig"; path = "Pods/Target Support Files/Pods-A2SLayoutsK2/Pods-A2SLayoutsK2.debug.xcconfig"; sourceTree = "<group>"; };
		845DDF751CF6A45900AB2753 /* Product.swift */ = {isa = PBXFileReference; fileEncoding = 4; lastKnownFileType = sourcecode.swift; path = Product.swift; sourceTree = "<group>"; };
		845DDF771CF6BACD00AB2753 /* Salesman.swift */ = {isa = PBXFileReference; fileEncoding = 4; lastKnownFileType = sourcecode.swift; path = Salesman.swift; sourceTree = "<group>"; };
		847152AE1CF8447B0076ADD7 /* User.swift */ = {isa = PBXFileReference; fileEncoding = 4; lastKnownFileType = sourcecode.swift; path = User.swift; sourceTree = "<group>"; };
		847152B01CF846FE0076ADD7 /* star0.png */ = {isa = PBXFileReference; lastKnownFileType = image.png; path = star0.png; sourceTree = "<group>"; };
		847152B11CF846FE0076ADD7 /* star1.png */ = {isa = PBXFileReference; lastKnownFileType = image.png; path = star1.png; sourceTree = "<group>"; };
		847152B21CF846FE0076ADD7 /* star2.png */ = {isa = PBXFileReference; lastKnownFileType = image.png; path = star2.png; sourceTree = "<group>"; };
		847152B31CF846FE0076ADD7 /* star3.png */ = {isa = PBXFileReference; lastKnownFileType = image.png; path = star3.png; sourceTree = "<group>"; };
		847152B41CF846FE0076ADD7 /* star4.png */ = {isa = PBXFileReference; lastKnownFileType = image.png; path = star4.png; sourceTree = "<group>"; };
		847152B51CF846FE0076ADD7 /* star5.png */ = {isa = PBXFileReference; lastKnownFileType = image.png; path = star5.png; sourceTree = "<group>"; };
		847152BE1CF847790076ADD7 /* funcProduct.swift */ = {isa = PBXFileReference; fileEncoding = 4; lastKnownFileType = sourcecode.swift; path = funcProduct.swift; sourceTree = "<group>"; };
		847432621CF2C8B4006D9B5E /* P1ProductAllViewController.swift */ = {isa = PBXFileReference; fileEncoding = 4; lastKnownFileType = sourcecode.swift; path = P1ProductAllViewController.swift; sourceTree = "<group>"; };
		847432651CF2C99A006D9B5E /* P1ProductAllCell0CollectionViewCell.swift */ = {isa = PBXFileReference; fileEncoding = 4; lastKnownFileType = sourcecode.swift; path = P1ProductAllCell0CollectionViewCell.swift; sourceTree = "<group>"; };
		847432671CF2F9C0006D9B5E /* P1Cell3TableViewCell.swift */ = {isa = PBXFileReference; fileEncoding = 4; lastKnownFileType = sourcecode.swift; path = P1Cell3TableViewCell.swift; sourceTree = "<group>"; };
		847432691CF2F9E0006D9B5E /* P1Cell3CollectionViewCell.swift */ = {isa = PBXFileReference; fileEncoding = 4; lastKnownFileType = sourcecode.swift; path = P1Cell3CollectionViewCell.swift; sourceTree = "<group>"; };
		848848641CF005890004DDEF /* A2SLayoutsK2.app */ = {isa = PBXFileReference; explicitFileType = wrapper.application; includeInIndex = 0; path = A2SLayoutsK2.app; sourceTree = BUILT_PRODUCTS_DIR; };
		848848671CF005890004DDEF /* AppDelegate.swift */ = {isa = PBXFileReference; lastKnownFileType = sourcecode.swift; path = AppDelegate.swift; sourceTree = "<group>"; };
		848848691CF005890004DDEF /* ViewController.swift */ = {isa = PBXFileReference; lastKnownFileType = sourcecode.swift; path = ViewController.swift; sourceTree = "<group>"; };
		8488486C1CF005890004DDEF /* Base */ = {isa = PBXFileReference; lastKnownFileType = file.storyboard; name = Base; path = Base.lproj/Main.storyboard; sourceTree = "<group>"; };
		8488486E1CF005890004DDEF /* Assets.xcassets */ = {isa = PBXFileReference; lastKnownFileType = folder.assetcatalog; path = Assets.xcassets; sourceTree = "<group>"; };
		848848711CF005890004DDEF /* Base */ = {isa = PBXFileReference; lastKnownFileType = file.storyboard; name = Base; path = Base.lproj/LaunchScreen.storyboard; sourceTree = "<group>"; };
		848848731CF005890004DDEF /* Info.plist */ = {isa = PBXFileReference; lastKnownFileType = text.plist.xml; path = Info.plist; sourceTree = "<group>"; };
		848848791CF005950004DDEF /* Podfile */ = {isa = PBXFileReference; fileEncoding = 4; lastKnownFileType = text; path = Podfile; sourceTree = "<group>"; };
		8488487D1CF007290004DDEF /* Page1ViewController.swift */ = {isa = PBXFileReference; fileEncoding = 4; lastKnownFileType = sourcecode.swift; path = Page1ViewController.swift; sourceTree = "<group>"; };
		848848801CF007D00004DDEF /* baseCell.swift */ = {isa = PBXFileReference; fileEncoding = 4; lastKnownFileType = sourcecode.swift; path = baseCell.swift; sourceTree = "<group>"; };
		848848811CF007D00004DDEF /* basePass.swift */ = {isa = PBXFileReference; fileEncoding = 4; lastKnownFileType = sourcecode.swift; path = basePass.swift; sourceTree = "<group>"; };
		848848821CF007D00004DDEF /* baseURL.swift */ = {isa = PBXFileReference; fileEncoding = 4; lastKnownFileType = sourcecode.swift; path = baseURL.swift; sourceTree = "<group>"; };
		848848831CF007D00004DDEF /* dummyData.swift */ = {isa = PBXFileReference; fileEncoding = 4; lastKnownFileType = sourcecode.swift; path = dummyData.swift; sourceTree = "<group>"; };
		848848841CF007D00004DDEF /* PassData.swift */ = {isa = PBXFileReference; fileEncoding = 4; lastKnownFileType = sourcecode.swift; path = PassData.swift; sourceTree = "<group>"; };
		8488488B1CF009F20004DDEF /* P1Cell1TableViewCell.swift */ = {isa = PBXFileReference; fileEncoding = 4; lastKnownFileType = sourcecode.swift; path = P1Cell1TableViewCell.swift; sourceTree = "<group>"; };
		8488488D1CF00AD30004DDEF /* P1Cell1CollectionViewCell.swift */ = {isa = PBXFileReference; fileEncoding = 4; lastKnownFileType = sourcecode.swift; path = P1Cell1CollectionViewCell.swift; sourceTree = "<group>"; };
		8488488F1CF00D040004DDEF /* P1Cell2TableViewCell.swift */ = {isa = PBXFileReference; fileEncoding = 4; lastKnownFileType = sourcecode.swift; path = P1Cell2TableViewCell.swift; sourceTree = "<group>"; };
		848848921CF00D610004DDEF /* P1Cell2CollectionViewCell.swift */ = {isa = PBXFileReference; fileEncoding = 4; lastKnownFileType = sourcecode.swift; path = P1Cell2CollectionViewCell.swift; sourceTree = "<group>"; };
		848848951CF01CC90004DDEF /* P1ProductDetailViewController.swift */ = {isa = PBXFileReference; fileEncoding = 4; lastKnownFileType = sourcecode.swift; path = P1ProductDetailViewController.swift; sourceTree = "<group>"; };
		848848981CF03D100004DDEF /* P1ProductDetailCell0TableViewCell.swift */ = {isa = PBXFileReference; fileEncoding = 4; lastKnownFileType = sourcecode.swift; path = P1ProductDetailCell0TableViewCell.swift; sourceTree = "<group>"; };
		8488489A1CF065A00004DDEF /* P1ProductDetailCell4TableViewCell.swift */ = {isa = PBXFileReference; fileEncoding = 4; lastKnownFileType = sourcecode.swift; path = P1ProductDetailCell4TableViewCell.swift; sourceTree = "<group>"; };
		8488489C1CF065CF0004DDEF /* P1ProductDetailCell4CollectionViewCell.swift */ = {isa = PBXFileReference; fileEncoding = 4; lastKnownFileType = sourcecode.swift; path = P1ProductDetailCell4CollectionViewCell.swift; sourceTree = "<group>"; };
		CFF67E4436E01E396034C720 /* Pods_A2SLayoutsK2.framework */ = {isa = PBXFileReference; explicitFileType = wrapper.framework; includeInIndex = 0; path = Pods_A2SLayoutsK2.framework; sourceTree = BUILT_PRODUCTS_DIR; };
		F22074BBE6EF3EAE779A2EFC /* Pods-A2SLayoutsK2.release.xcconfig */ = {isa = PBXFileReference; includeInIndex = 1; lastKnownFileType = text.xcconfig; name = "Pods-A2SLayoutsK2.release.xcconfig"; path = "Pods/Target Support Files/Pods-A2SLayoutsK2/Pods-A2SLayoutsK2.release.xcconfig"; sourceTree = "<group>"; };
/* End PBXFileReference section */

/* Begin PBXFrameworksBuildPhase section */
		848848611CF005890004DDEF /* Frameworks */ = {
			isa = PBXFrameworksBuildPhase;
			buildActionMask = 2147483647;
			files = (
				A08D6CD486E56E93AF2CA842 /* Pods_A2SLayoutsK2.framework in Frameworks */,
			);
			runOnlyForDeploymentPostprocessing = 0;
		};
/* End PBXFrameworksBuildPhase section */

/* Begin PBXGroup section */
		0F3B92FB527AE6C1846EF00A /* Frameworks */ = {
			isa = PBXGroup;
			children = (
				CFF67E4436E01E396034C720 /* Pods_A2SLayoutsK2.framework */,
			);
			name = Frameworks;
			sourceTree = "<group>";
		};
		845DDF791CF6C10A00AB2753 /* Page2 */ = {
			isa = PBXGroup;
			children = (
			);
			name = Page2;
			sourceTree = "<group>";
		};
		847152A91CF81D320076ADD7 /* Icon */ = {
			isa = PBXGroup;
			children = (
				847152B01CF846FE0076ADD7 /* star0.png */,
				847152B11CF846FE0076ADD7 /* star1.png */,
				847152B21CF846FE0076ADD7 /* star2.png */,
				847152B31CF846FE0076ADD7 /* star3.png */,
				847152B41CF846FE0076ADD7 /* star4.png */,
				847152B51CF846FE0076ADD7 /* star5.png */,
			);
			name = Icon;
			sourceTree = "<group>";
		};
		847152C01CF84FCD0076ADD7 /* Page3 */ = {
			isa = PBXGroup;
			children = (
			);
			name = Page3;
			sourceTree = "<group>";
		};
		847152C11CF84FD50076ADD7 /* Page4 */ = {
			isa = PBXGroup;
			children = (
			);
			name = Page4;
			sourceTree = "<group>";
		};
		847152C21CF84FDE0076ADD7 /* Page5 */ = {
			isa = PBXGroup;
			children = (
			);
			name = Page5;
			sourceTree = "<group>";
		};
		8474325F1CF2BC8A006D9B5E /* Class */ = {
			isa = PBXGroup;
			children = (
				845DDF751CF6A45900AB2753 /* Product.swift */,
				847152AE1CF8447B0076ADD7 /* User.swift */,
			);
			name = Class;
			sourceTree = "<group>";
		};
		847432641CF2C97E006D9B5E /* ProductAll */ = {
			isa = PBXGroup;
			children = (
				847432621CF2C8B4006D9B5E /* P1ProductAllViewController.swift */,
				847432651CF2C99A006D9B5E /* P1ProductAllCell0CollectionViewCell.swift */,
			);
			name = ProductAll;
			sourceTree = "<group>";
		};
		8474326B1CF2F9E7006D9B5E /* Cell3 */ = {
			isa = PBXGroup;
			children = (
				847432671CF2F9C0006D9B5E /* P1Cell3TableViewCell.swift */,
				847432691CF2F9E0006D9B5E /* P1Cell3CollectionViewCell.swift */,
			);
			name = Cell3;
			sourceTree = "<group>";
		};
		8488485B1CF005890004DDEF = {
			isa = PBXGroup;
			children = (
				848848791CF005950004DDEF /* Podfile */,
				848848661CF005890004DDEF /* A2SLayoutsK2 */,
				848848651CF005890004DDEF /* Products */,
				8FFE9F26ED0F572E08FC9FFB /* Pods */,
				0F3B92FB527AE6C1846EF00A /* Frameworks */,
			);
			sourceTree = "<group>";
		};
		848848651CF005890004DDEF /* Products */ = {
			isa = PBXGroup;
			children = (
				848848641CF005890004DDEF /* A2SLayoutsK2.app */,
			);
			name = Products;
			sourceTree = "<group>";
		};
		848848661CF005890004DDEF /* A2SLayoutsK2 */ = {
			isa = PBXGroup;
			children = (
				847152C21CF84FDE0076ADD7 /* Page5 */,
				847152C11CF84FD50076ADD7 /* Page4 */,
				847152C01CF84FCD0076ADD7 /* Page3 */,
				845DDF791CF6C10A00AB2753 /* Page2 */,
				8488487C1CF007160004DDEF /* Page1 */,
				848848671CF005890004DDEF /* AppDelegate.swift */,
				848848691CF005890004DDEF /* ViewController.swift */,
				8488486B1CF005890004DDEF /* Main.storyboard */,
				8488486E1CF005890004DDEF /* Assets.xcassets */,
				848848701CF005890004DDEF /* LaunchScreen.storyboard */,
				847152A91CF81D320076ADD7 /* Icon */,
				848848731CF005890004DDEF /* Info.plist */,
				8474325F1CF2BC8A006D9B5E /* Class */,
				8488488A1CF007E20004DDEF /* Function */,
				8488487F1CF0078A0004DDEF /* Struct */,
			);
			path = A2SLayoutsK2;
			sourceTree = "<group>";
		};
		8488487C1CF007160004DDEF /* Page1 */ = {
			isa = PBXGroup;
			children = (
				8488487D1CF007290004DDEF /* Page1ViewController.swift */,
				848848911CF00D530004DDEF /* Cell1 */,
				848848941CF01CA90004DDEF /* Cell2 */,
				848848971CF03CF60004DDEF /* ProductDetail */,
				847432641CF2C97E006D9B5E /* ProductAll */,
				8474326B1CF2F9E7006D9B5E /* Cell3 */,
			);
			name = Page1;
			sourceTree = "<group>";
		};
		8488487F1CF0078A0004DDEF /* Struct */ = {
			isa = PBXGroup;
			children = (
				848848801CF007D00004DDEF /* baseCell.swift */,
				848848811CF007D00004DDEF /* basePass.swift */,
				848848821CF007D00004DDEF /* baseURL.swift */,
				848848841CF007D00004DDEF /* PassData.swift */,
				845DDF771CF6BACD00AB2753 /* Salesman.swift */,
			);
			name = Struct;
			sourceTree = "<group>";
		};
		8488488A1CF007E20004DDEF /* Function */ = {
			isa = PBXGroup;
			children = (
				848848831CF007D00004DDEF /* dummyData.swift */,
				847152BE1CF847790076ADD7 /* funcProduct.swift */,
			);
			name = Function;
			sourceTree = "<group>";
		};
		848848911CF00D530004DDEF /* Cell1 */ = {
			isa = PBXGroup;
			children = (
				8488488B1CF009F20004DDEF /* P1Cell1TableViewCell.swift */,
				8488488D1CF00AD30004DDEF /* P1Cell1CollectionViewCell.swift */,
			);
			name = Cell1;
			sourceTree = "<group>";
		};
		848848941CF01CA90004DDEF /* Cell2 */ = {
			isa = PBXGroup;
			children = (
				8488488F1CF00D040004DDEF /* P1Cell2TableViewCell.swift */,
				848848921CF00D610004DDEF /* P1Cell2CollectionViewCell.swift */,
			);
			name = Cell2;
			sourceTree = "<group>";
		};
		848848971CF03CF60004DDEF /* ProductDetail */ = {
			isa = PBXGroup;
			children = (
				848848951CF01CC90004DDEF /* P1ProductDetailViewController.swift */,
				848848981CF03D100004DDEF /* P1ProductDetailCell0TableViewCell.swift */,
				8488489A1CF065A00004DDEF /* P1ProductDetailCell4TableViewCell.swift */,
				8488489C1CF065CF0004DDEF /* P1ProductDetailCell4CollectionViewCell.swift */,
			);
			name = ProductDetail;
			sourceTree = "<group>";
		};
		8FFE9F26ED0F572E08FC9FFB /* Pods */ = {
			isa = PBXGroup;
			children = (
				4BE8DB2F44BF56FEAD822EA2 /* Pods-A2SLayoutsK2.debug.xcconfig */,
				F22074BBE6EF3EAE779A2EFC /* Pods-A2SLayoutsK2.release.xcconfig */,
			);
			name = Pods;
			sourceTree = "<group>";
		};
/* End PBXGroup section */

/* Begin PBXNativeTarget section */
		848848631CF005890004DDEF /* A2SLayoutsK2 */ = {
			isa = PBXNativeTarget;
			buildConfigurationList = 848848761CF005890004DDEF /* Build configuration list for PBXNativeTarget "A2SLayoutsK2" */;
			buildPhases = (
				BF1D6FA541FE7AD18C61BF97 /* Check Pods Manifest.lock */,
				848848601CF005890004DDEF /* Sources */,
				848848611CF005890004DDEF /* Frameworks */,
				848848621CF005890004DDEF /* Resources */,
				412FE8BEA021942E924C1EEC /* Embed Pods Frameworks */,
				7B6D38F4335DBFC36E03D771 /* Copy Pods Resources */,
			);
			buildRules = (
			);
			dependencies = (
			);
			name = A2SLayoutsK2;
			productName = A2SLayoutsK2;
			productReference = 848848641CF005890004DDEF /* A2SLayoutsK2.app */;
			productType = "com.apple.product-type.application";
		};
/* End PBXNativeTarget section */

/* Begin PBXProject section */
		8488485C1CF005890004DDEF /* Project object */ = {
			isa = PBXProject;
			attributes = {
				LastSwiftUpdateCheck = 0730;
				LastUpgradeCheck = 0730;
				ORGANIZATIONNAME = All2Sale;
				TargetAttributes = {
					848848631CF005890004DDEF = {
						CreatedOnToolsVersion = 7.3.1;
						DevelopmentTeam = 99PQ8VE3S6;
					};
				};
			};
			buildConfigurationList = 8488485F1CF005890004DDEF /* Build configuration list for PBXProject "A2SLayoutsK2" */;
			compatibilityVersion = "Xcode 3.2";
			developmentRegion = English;
			hasScannedForEncodings = 0;
			knownRegions = (
				en,
				Base,
			);
			mainGroup = 8488485B1CF005890004DDEF;
			productRefGroup = 848848651CF005890004DDEF /* Products */;
			projectDirPath = "";
			projectRoot = "";
			targets = (
				848848631CF005890004DDEF /* A2SLayoutsK2 */,
			);
		};
/* End PBXProject section */

/* Begin PBXResourcesBuildPhase section */
		848848621CF005890004DDEF /* Resources */ = {
			isa = PBXResourcesBuildPhase;
			buildActionMask = 2147483647;
			files = (
				848848721CF005890004DDEF /* LaunchScreen.storyboard in Resources */,
				847152BA1CF846FE0076ADD7 /* star4.png in Resources */,
				847152B91CF846FE0076ADD7 /* star3.png in Resources */,
				847152BB1CF846FE0076ADD7 /* star5.png in Resources */,
				847152B81CF846FE0076ADD7 /* star2.png in Resources */,
				847152B71CF846FE0076ADD7 /* star1.png in Resources */,
				8488486F1CF005890004DDEF /* Assets.xcassets in Resources */,
				8488487A1CF005950004DDEF /* Podfile in Resources */,
				847152B61CF846FE0076ADD7 /* star0.png in Resources */,
				8488486D1CF005890004DDEF /* Main.storyboard in Resources */,
			);
			runOnlyForDeploymentPostprocessing = 0;
		};
/* End PBXResourcesBuildPhase section */

/* Begin PBXShellScriptBuildPhase section */
		412FE8BEA021942E924C1EEC /* Embed Pods Frameworks */ = {
			isa = PBXShellScriptBuildPhase;
			buildActionMask = 2147483647;
			files = (
			);
			inputPaths = (
			);
			name = "Embed Pods Frameworks";
			outputPaths = (
			);
			runOnlyForDeploymentPostprocessing = 0;
			shellPath = /bin/sh;
			shellScript = "\"${SRCROOT}/Pods/Target Support Files/Pods-A2SLayoutsK2/Pods-A2SLayoutsK2-frameworks.sh\"\n";
			showEnvVarsInLog = 0;
		};
		7B6D38F4335DBFC36E03D771 /* Copy Pods Resources */ = {
			isa = PBXShellScriptBuildPhase;
			buildActionMask = 2147483647;
			files = (
			);
			inputPaths = (
			);
			name = "Copy Pods Resources";
			outputPaths = (
			);
			runOnlyForDeploymentPostprocessing = 0;
			shellPath = /bin/sh;
			shellScript = "\"${SRCROOT}/Pods/Target Support Files/Pods-A2SLayoutsK2/Pods-A2SLayoutsK2-resources.sh\"\n";
			showEnvVarsInLog = 0;
		};
		BF1D6FA541FE7AD18C61BF97 /* Check Pods Manifest.lock */ = {
			isa = PBXShellScriptBuildPhase;
			buildActionMask = 2147483647;
			files = (
			);
			inputPaths = (
			);
			name = "Check Pods Manifest.lock";
			outputPaths = (
			);
			runOnlyForDeploymentPostprocessing = 0;
			shellPath = /bin/sh;
			shellScript = "diff \"${PODS_ROOT}/../Podfile.lock\" \"${PODS_ROOT}/Manifest.lock\" > /dev/null\nif [[ $? != 0 ]] ; then\n    cat << EOM\nerror: The sandbox is not in sync with the Podfile.lock. Run 'pod install' or update your CocoaPods installation.\nEOM\n    exit 1\nfi\n";
			showEnvVarsInLog = 0;
		};
/* End PBXShellScriptBuildPhase section */

/* Begin PBXSourcesBuildPhase section */
		848848601CF005890004DDEF /* Sources */ = {
			isa = PBXSourcesBuildPhase;
			buildActionMask = 2147483647;
			files = (
				847432681CF2F9C0006D9B5E /* P1Cell3TableViewCell.swift in Sources */,
				8474326A1CF2F9E0006D9B5E /* P1Cell3CollectionViewCell.swift in Sources */,
				8488489B1CF065A00004DDEF /* P1ProductDetailCell4TableViewCell.swift in Sources */,
				847432631CF2C8B4006D9B5E /* P1ProductAllViewController.swift in Sources */,
				848848991CF03D100004DDEF /* P1ProductDetailCell0TableViewCell.swift in Sources */,
				845DDF781CF6BACD00AB2753 /* Salesman.swift in Sources */,
				848848931CF00D610004DDEF /* P1Cell2CollectionViewCell.swift in Sources */,
				848848961CF01CC90004DDEF /* P1ProductDetailViewController.swift in Sources */,
				848848871CF007D00004DDEF /* baseURL.swift in Sources */,
				848848851CF007D00004DDEF /* baseCell.swift in Sources */,
				848848891CF007D00004DDEF /* PassData.swift in Sources */,
				8488489D1CF065CF0004DDEF /* P1ProductDetailCell4CollectionViewCell.swift in Sources */,
				848848881CF007D00004DDEF /* dummyData.swift in Sources */,
				848848901CF00D040004DDEF /* P1Cell2TableViewCell.swift in Sources */,
				8488487E1CF007290004DDEF /* Page1ViewController.swift in Sources */,
				848848861CF007D00004DDEF /* basePass.swift in Sources */,
				8488488C1CF009F20004DDEF /* P1Cell1TableViewCell.swift in Sources */,
				847152BF1CF847790076ADD7 /* funcProduct.swift in Sources */,
				847432661CF2C99A006D9B5E /* P1ProductAllCell0CollectionViewCell.swift in Sources */,
				8488488E1CF00AD30004DDEF /* P1Cell1CollectionViewCell.swift in Sources */,
				8488486A1CF005890004DDEF /* ViewController.swift in Sources */,
				848848681CF005890004DDEF /* AppDelegate.swift in Sources */,
				845DDF761CF6A45900AB2753 /* Product.swift in Sources */,
				847152AF1CF8447B0076ADD7 /* User.swift in Sources */,
			);
			runOnlyForDeploymentPostprocessing = 0;
		};
/* End PBXSourcesBuildPhase section */

/* Begin PBXVariantGroup section */
		8488486B1CF005890004DDEF /* Main.storyboard */ = {
			isa = PBXVariantGroup;
			children = (
				8488486C1CF005890004DDEF /* Base */,
			);
			name = Main.storyboard;
			sourceTree = "<group>";
		};
		848848701CF005890004DDEF /* LaunchScreen.storyboard */ = {
			isa = PBXVariantGroup;
			children = (
				848848711CF005890004DDEF /* Base */,
			);
			name = LaunchScreen.storyboard;
			sourceTree = "<group>";
		};
/* End PBXVariantGroup section */

/* Begin XCBuildConfiguration section */
		848848741CF005890004DDEF /* Debug */ = {
			isa = XCBuildConfiguration;
			buildSettings = {
				ALWAYS_SEARCH_USER_PATHS = NO;
				CLANG_ANALYZER_NONNULL = YES;
				CLANG_CXX_LANGUAGE_STANDARD = "gnu++0x";
				CLANG_CXX_LIBRARY = "libc++";
				CLANG_ENABLE_MODULES = YES;
				CLANG_ENABLE_OBJC_ARC = YES;
				CLANG_WARN_BOOL_CONVERSION = YES;
				CLANG_WARN_CONSTANT_CONVERSION = YES;
				CLANG_WARN_DIRECT_OBJC_ISA_USAGE = YES_ERROR;
				CLANG_WARN_EMPTY_BODY = YES;
				CLANG_WARN_ENUM_CONVERSION = YES;
				CLANG_WARN_INT_CONVERSION = YES;
				CLANG_WARN_OBJC_ROOT_CLASS = YES_ERROR;
				CLANG_WARN_UNREACHABLE_CODE = YES;
				CLANG_WARN__DUPLICATE_METHOD_MATCH = YES;
				"CODE_SIGN_IDENTITY[sdk=iphoneos*]" = "iPhone Developer";
				COPY_PHASE_STRIP = NO;
				DEBUG_INFORMATION_FORMAT = dwarf;
				ENABLE_STRICT_OBJC_MSGSEND = YES;
				ENABLE_TESTABILITY = YES;
				GCC_C_LANGUAGE_STANDARD = gnu99;
				GCC_DYNAMIC_NO_PIC = NO;
				GCC_NO_COMMON_BLOCKS = YES;
				GCC_OPTIMIZATION_LEVEL = 0;
				GCC_PREPROCESSOR_DEFINITIONS = (
					"DEBUG=1",
					"$(inherited)",
				);
				GCC_WARN_64_TO_32_BIT_CONVERSION = YES;
				GCC_WARN_ABOUT_RETURN_TYPE = YES_ERROR;
				GCC_WARN_UNDECLARED_SELECTOR = YES;
				GCC_WARN_UNINITIALIZED_AUTOS = YES_AGGRESSIVE;
				GCC_WARN_UNUSED_FUNCTION = YES;
				GCC_WARN_UNUSED_VARIABLE = YES;
				IPHONEOS_DEPLOYMENT_TARGET = 9.3;
				MTL_ENABLE_DEBUG_INFO = YES;
				ONLY_ACTIVE_ARCH = YES;
				SDKROOT = iphoneos;
				SWIFT_OPTIMIZATION_LEVEL = "-Onone";
			};
			name = Debug;
		};
		848848751CF005890004DDEF /* Release */ = {
			isa = XCBuildConfiguration;
			buildSettings = {
				ALWAYS_SEARCH_USER_PATHS = NO;
				CLANG_ANALYZER_NONNULL = YES;
				CLANG_CXX_LANGUAGE_STANDARD = "gnu++0x";
				CLANG_CXX_LIBRARY = "libc++";
				CLANG_ENABLE_MODULES = YES;
				CLANG_ENABLE_OBJC_ARC = YES;
				CLANG_WARN_BOOL_CONVERSION = YES;
				CLANG_WARN_CONSTANT_CONVERSION = YES;
				CLANG_WARN_DIRECT_OBJC_ISA_USAGE = YES_ERROR;
				CLANG_WARN_EMPTY_BODY = YES;
				CLANG_WARN_ENUM_CONVERSION = YES;
				CLANG_WARN_INT_CONVERSION = YES;
				CLANG_WARN_OBJC_ROOT_CLASS = YES_ERROR;
				CLANG_WARN_UNREACHABLE_CODE = YES;
				CLANG_WARN__DUPLICATE_METHOD_MATCH = YES;
				"CODE_SIGN_IDENTITY[sdk=iphoneos*]" = "iPhone Developer";
				COPY_PHASE_STRIP = NO;
				DEBUG_INFORMATION_FORMAT = "dwarf-with-dsym";
				ENABLE_NS_ASSERTIONS = NO;
				ENABLE_STRICT_OBJC_MSGSEND = YES;
				GCC_C_LANGUAGE_STANDARD = gnu99;
				GCC_NO_COMMON_BLOCKS = YES;
				GCC_WARN_64_TO_32_BIT_CONVERSION = YES;
				GCC_WARN_ABOUT_RETURN_TYPE = YES_ERROR;
				GCC_WARN_UNDECLARED_SELECTOR = YES;
				GCC_WARN_UNINITIALIZED_AUTOS = YES_AGGRESSIVE;
				GCC_WARN_UNUSED_FUNCTION = YES;
				GCC_WARN_UNUSED_VARIABLE = YES;
				IPHONEOS_DEPLOYMENT_TARGET = 9.3;
				MTL_ENABLE_DEBUG_INFO = NO;
				SDKROOT = iphoneos;
				VALIDATE_PRODUCT = YES;
			};
			name = Release;
		};
		848848771CF005890004DDEF /* Debug */ = {
			isa = XCBuildConfiguration;
			baseConfigurationReference = 4BE8DB2F44BF56FEAD822EA2 /* Pods-A2SLayoutsK2.debug.xcconfig */;
			buildSettings = {
				ASSETCATALOG_COMPILER_APPICON_NAME = AppIcon;
				CODE_SIGN_IDENTITY = "iPhone Developer";
				"CODE_SIGN_IDENTITY[sdk=iphoneos*]" = "iPhone Developer";
				INFOPLIST_FILE = A2SLayoutsK2/Info.plist;
				LD_RUNPATH_SEARCH_PATHS = "$(inherited) @executable_path/Frameworks";
				PRODUCT_BUNDLE_IDENTIFIER = com.all2sale.A2SLayoutsK2;
				PRODUCT_NAME = "$(TARGET_NAME)";
				PROVISIONING_PROFILE = "";
			};
			name = Debug;
		};
		848848781CF005890004DDEF /* Release */ = {
			isa = XCBuildConfiguration;
			baseConfigurationReference = F22074BBE6EF3EAE779A2EFC /* Pods-A2SLayoutsK2.release.xcconfig */;
			buildSettings = {
				ASSETCATALOG_COMPILER_APPICON_NAME = AppIcon;
				CODE_SIGN_IDENTITY = "iPhone Developer";
				"CODE_SIGN_IDENTITY[sdk=iphoneos*]" = "iPhone Developer";
				INFOPLIST_FILE = A2SLayoutsK2/Info.plist;
				LD_RUNPATH_SEARCH_PATHS = "$(inherited) @executable_path/Frameworks";
				PRODUCT_BUNDLE_IDENTIFIER = com.all2sale.A2SLayoutsK2;
				PRODUCT_NAME = "$(TARGET_NAME)";
				PROVISIONING_PROFILE = "";
			};
			name = Release;
		};
/* End XCBuildConfiguration section */

/* Begin XCConfigurationList section */
		8488485F1CF005890004DDEF /* Build configuration list for PBXProject "A2SLayoutsK2" */ = {
			isa = XCConfigurationList;
			buildConfigurations = (
				848848741CF005890004DDEF /* Debug */,
				848848751CF005890004DDEF /* Release */,
			);
			defaultConfigurationIsVisible = 0;
			defaultConfigurationName = Release;
		};
		848848761CF005890004DDEF /* Build configuration list for PBXNativeTarget "A2SLayoutsK2" */ = {
			isa = XCConfigurationList;
			buildConfigurations = (
				848848771CF005890004DDEF /* Debug */,
				848848781CF005890004DDEF /* Release */,
			);
			defaultConfigurationIsVisible = 0;
			defaultConfigurationName = Release;
		};
/* End XCConfigurationList section */
	};
	rootObject = 8488485C1CF005890004DDEF /* Project object */;
}
